
Microsoft Visual Studio Solution File, Format Version 12.00
# Visual Studio Version 16
VisualStudioVersion = 16.0.31729.503
MinimumVisualStudioVersion = 10.0.40219.1
Project("{8BC9CEB8-8B4A-11D0-8D11-00A0C91BC942}") = "Raven", "Raven.vcxproj", "{EC1EBBC4-4F57-4002-856A-5C1BCFBC7BF9}"
EndProject
Global
	GlobalSection(SolutionConfigurationPlatforms) = preSolution
		boundschecker|x86 = boundschecker|x86
		Debug|x86 = Debug|x86
		Release|x86 = Release|x86
	EndGlobalSection
	GlobalSection(ProjectConfigurationPlatforms) = postSolution
		{EC1EBBC4-4F57-4002-856A-5C1BCFBC7BF9}.boundschecker|x86.ActiveCfg = boundschecker|Win32
		{EC1EBBC4-4F57-4002-856A-5C1BCFBC7BF9}.boundschecker|x86.Build.0 = boundschecker|Win32
		{EC1EBBC4-4F57-4002-856A-5C1BCFBC7BF9}.Debug|x86.ActiveCfg = Debug|Win32
		{EC1EBBC4-4F57-4002-856A-5C1BCFBC7BF9}.Debug|x86.Build.0 = Debug|Win32
		{EC1EBBC4-4F57-4002-856A-5C1BCFBC7BF9}.Release|x86.ActiveCfg = Release|Win32
		{EC1EBBC4-4F57-4002-856A-5C1BCFBC7BF9}.Release|x86.Build.0 = Release|Win32
	EndGlobalSection
	GlobalSection(SolutionProperties) = preSolution
		HideSolutionNode = FALSE
	EndGlobalSection
	GlobalSection(ExtensibilityGlobals) = postSolution
		SolutionGuid = {769D7D50-776B-4A02-9B57-68E4DDFD09DA}
	EndGlobalSection
EndGlobal
